// !$*UTF8*$!
{
	archiveVersion = 1;
	classes = {
	};
	objectVersion = 56;
	objects = {

/* Begin PBXBuildFile section */
		65A7D44E171867E84D5BA92E /* Pods_RevoBalance.framework in Frameworks */ = {isa = PBXBuildFile; fileRef = 6C18D3DD4ACCFBFC7222C4F3 /* Pods_RevoBalance.framework */; };
		EA1A6E5F297E8245002D8C67 /* AppDelegate.swift in Sources */ = {isa = PBXBuildFile; fileRef = EA1A6E5E297E8245002D8C67 /* AppDelegate.swift */; };
		EA1A6E61297E8245002D8C67 /* SceneDelegate.swift in Sources */ = {isa = PBXBuildFile; fileRef = EA1A6E60297E8245002D8C67 /* SceneDelegate.swift */; };
		EA1A6E63297E8245002D8C67 /* ViewController.swift in Sources */ = {isa = PBXBuildFile; fileRef = EA1A6E62297E8245002D8C67 /* ViewController.swift */; };
		EA1A6E66297E8245002D8C67 /* Main.storyboard in Resources */ = {isa = PBXBuildFile; fileRef = EA1A6E64297E8245002D8C67 /* Main.storyboard */; };
		EA1A6E68297E8247002D8C67 /* Assets.xcassets in Resources */ = {isa = PBXBuildFile; fileRef = EA1A6E67297E8247002D8C67 /* Assets.xcassets */; };
		EA1A6E6B297E8247002D8C67 /* LaunchScreen.storyboard in Resources */ = {isa = PBXBuildFile; fileRef = EA1A6E69297E8247002D8C67 /* LaunchScreen.storyboard */; };
		EA1A6E74297E8254002D8C67 /* Balance.swift in Sources */ = {isa = PBXBuildFile; fileRef = EA1A6E73297E8254002D8C67 /* Balance.swift */; };
/* End PBXBuildFile section */

/* Begin PBXFileReference section */
		2C1103FC520B73EAD22D6966 /* Pods-RevoBalance.debug.xcconfig */ = {isa = PBXFileReference; includeInIndex = 1; lastKnownFileType = text.xcconfig; name = "Pods-RevoBalance.debug.xcconfig"; path = "Target Support Files/Pods-RevoBalance/Pods-RevoBalance.debug.xcconfig"; sourceTree = "<group>"; };
		6C18D3DD4ACCFBFC7222C4F3 /* Pods_RevoBalance.framework */ = {isa = PBXFileReference; explicitFileType = wrapper.framework; includeInIndex = 0; path = Pods_RevoBalance.framework; sourceTree = BUILT_PRODUCTS_DIR; };
		CEC39FD5938693F27E7DD20D /* Pods-RevoBalance.release.xcconfig */ = {isa = PBXFileReference; includeInIndex = 1; lastKnownFileType = text.xcconfig; name = "Pods-RevoBalance.release.xcconfig"; path = "Target Support Files/Pods-RevoBalance/Pods-RevoBalance.release.xcconfig"; sourceTree = "<group>"; };
		EA1A6E5B297E8245002D8C67 /* RevoBalance.app */ = {isa = PBXFileReference; explicitFileType = wrapper.application; includeInIndex = 0; path = RevoBalance.app; sourceTree = BUILT_PRODUCTS_DIR; };
		EA1A6E5E297E8245002D8C67 /* AppDelegate.swift */ = {isa = PBXFileReference; lastKnownFileType = sourcecode.swift; path = AppDelegate.swift; sourceTree = "<group>"; };
		EA1A6E60297E8245002D8C67 /* SceneDelegate.swift */ = {isa = PBXFileReference; lastKnownFileType = sourcecode.swift; path = SceneDelegate.swift; sourceTree = "<group>"; };
		EA1A6E62297E8245002D8C67 /* ViewController.swift */ = {isa = PBXFileReference; lastKnownFileType = sourcecode.swift; path = ViewController.swift; sourceTree = "<group>"; };
		EA1A6E65297E8245002D8C67 /* Base */ = {isa = PBXFileReference; lastKnownFileType = file.storyboard; name = Base; path = Base.lproj/Main.storyboard; sourceTree = "<group>"; };
		EA1A6E67297E8247002D8C67 /* Assets.xcassets */ = {isa = PBXFileReference; lastKnownFileType = folder.assetcatalog; path = Assets.xcassets; sourceTree = "<group>"; };
		EA1A6E6A297E8247002D8C67 /* Base */ = {isa = PBXFileReference; lastKnownFileType = file.storyboard; name = Base; path = Base.lproj/LaunchScreen.storyboard; sourceTree = "<group>"; };
		EA1A6E6C297E8247002D8C67 /* Info.plist */ = {isa = PBXFileReference; lastKnownFileType = text.plist.xml; path = Info.plist; sourceTree = "<group>"; };
		EA1A6E73297E8254002D8C67 /* Balance.swift */ = {isa = PBXFileReference; lastKnownFileType = sourcecode.swift; path = Balance.swift; sourceTree = "<group>"; };
/* End PBXFileReference section */

/* Begin PBXFrameworksBuildPhase section */
		EA1A6E58297E8245002D8C67 /* Frameworks */ = {
			isa = PBXFrameworksBuildPhase;
			buildActionMask = 2147483647;
			files = (
				65A7D44E171867E84D5BA92E /* Pods_RevoBalance.framework in Frameworks */,
			);
			runOnlyForDeploymentPostprocessing = 0;
		};
/* End PBXFrameworksBuildPhase section */

/* Begin PBXGroup section */
		93C4B39A519E8184658CF5FC /* Frameworks */ = {
			isa = PBXGroup;
			children = (
				6C18D3DD4ACCFBFC7222C4F3 /* Pods_RevoBalance.framework */,
			);
			name = Frameworks;
			sourceTree = "<group>";
		};
		BB20B625A116515E80206512 /* Pods */ = {
			isa = PBXGroup;
			children = (
				2C1103FC520B73EAD22D6966 /* Pods-RevoBalance.debug.xcconfig */,
				CEC39FD5938693F27E7DD20D /* Pods-RevoBalance.release.xcconfig */,
			);
			path = Pods;
			sourceTree = "<group>";
		};
		EA1A6E52297E8245002D8C67 = {
			isa = PBXGroup;
			children = (
				EA1A6E5D297E8245002D8C67 /* RevoBalance */,
				EA1A6E5C297E8245002D8C67 /* Products */,
				BB20B625A116515E80206512 /* Pods */,
				93C4B39A519E8184658CF5FC /* Frameworks */,
			);
			sourceTree = "<group>";
		};
		EA1A6E5C297E8245002D8C67 /* Products */ = {
			isa = PBXGroup;
			children = (
				EA1A6E5B297E8245002D8C67 /* RevoBalance.app */,
			);
			name = Products;
			sourceTree = "<group>";
		};
		EA1A6E5D297E8245002D8C67 /* RevoBalance */ = {
			isa = PBXGroup;
			children = (
				EA1A6E72297E824B002D8C67 /* src */,
				EA1A6E5E297E8245002D8C67 /* AppDelegate.swift */,
				EA1A6E60297E8245002D8C67 /* SceneDelegate.swift */,
				EA1A6E62297E8245002D8C67 /* ViewController.swift */,
				EA1A6E64297E8245002D8C67 /* Main.storyboard */,
				EA1A6E67297E8247002D8C67 /* Assets.xcassets */,
				EA1A6E69297E8247002D8C67 /* LaunchScreen.storyboard */,
				EA1A6E6C297E8247002D8C67 /* Info.plist */,
			);
			path = RevoBalance;
			sourceTree = "<group>";
		};
		EA1A6E72297E824B002D8C67 /* src */ = {
			isa = PBXGroup;
			children = (
				EA1A6E73297E8254002D8C67 /* Balance.swift */,
			);
			path = src;
			sourceTree = "<group>";
		};
/* End PBXGroup section */

/* Begin PBXNativeTarget section */
		EA1A6E5A297E8245002D8C67 /* RevoBalance */ = {
			isa = PBXNativeTarget;
			buildConfigurationList = EA1A6E6F297E8247002D8C67 /* Build configuration list for PBXNativeTarget "RevoBalance" */;
			buildPhases = (
				F255790FAA5F26A421AA602E /* [CP] Check Pods Manifest.lock */,
				EA1A6E57297E8245002D8C67 /* Sources */,
				EA1A6E58297E8245002D8C67 /* Frameworks */,
				EA1A6E59297E8245002D8C67 /* Resources */,
				05EB780F9687660BC9C05787 /* [CP] Embed Pods Frameworks */,
			);
			buildRules = (
			);
			dependencies = (
			);
			name = RevoBalance;
			productName = RevoBalance;
			productReference = EA1A6E5B297E8245002D8C67 /* RevoBalance.app */;
			productType = "com.apple.product-type.application";
		};
/* End PBXNativeTarget section */

/* Begin PBXProject section */
		EA1A6E53297E8245002D8C67 /* Project object */ = {
			isa = PBXProject;
			attributes = {
				BuildIndependentTargetsInParallel = 1;
				LastSwiftUpdateCheck = 1420;
				LastUpgradeCheck = 1420;
				TargetAttributes = {
					EA1A6E5A297E8245002D8C67 = {
						CreatedOnToolsVersion = 14.2;
					};
				};
			};
			buildConfigurationList = EA1A6E56297E8245002D8C67 /* Build configuration list for PBXProject "RevoBalance" */;
			compatibilityVersion = "Xcode 14.0";
			developmentRegion = en;
			hasScannedForEncodings = 0;
			knownRegions = (
				en,
				Base,
			);
			mainGroup = EA1A6E52297E8245002D8C67;
			productRefGroup = EA1A6E5C297E8245002D8C67 /* Products */;
			projectDirPath = "";
			projectRoot = "";
			targets = (
				EA1A6E5A297E8245002D8C67 /* RevoBalance */,
			);
		};
/* End PBXProject section */

/* Begin PBXResourcesBuildPhase section */
		EA1A6E59297E8245002D8C67 /* Resources */ = {
			isa = PBXResourcesBuildPhase;
			buildActionMask = 2147483647;
			files = (
				EA1A6E6B297E8247002D8C67 /* LaunchScreen.storyboard in Resources */,
				EA1A6E68297E8247002D8C67 /* Assets.xcassets in Resources */,
				EA1A6E66297E8245002D8C67 /* Main.storyboard in Resources */,
			);
			runOnlyForDeploymentPostprocessing = 0;
		};
/* End PBXResourcesBuildPhase section */

/* Begin PBXShellScriptBuildPhase section */
		05EB780F9687660BC9C05787 /* [CP] Embed Pods Frameworks */ = {
			isa = PBXShellScriptBuildPhase;
			buildActionMask = 2147483647;
			files = (
			);
			inputFileListPaths = (
				"${PODS_ROOT}/Target Support Files/Pods-RevoBalance/Pods-RevoBalance-frameworks-${CONFIGURATION}-input-files.xcfilelist",
			);
			name = "[CP] Embed Pods Frameworks";
			outputFileListPaths = (
				"${PODS_ROOT}/Target Support Files/Pods-RevoBalance/Pods-RevoBalance-frameworks-${CONFIGURATION}-output-files.xcfilelist",
			);
			runOnlyForDeploymentPostprocessing = 0;
			shellPath = /bin/sh;
			shellScript = "\"${PODS_ROOT}/Target Support Files/Pods-RevoBalance/Pods-RevoBalance-frameworks.sh\"\n";
			showEnvVarsInLog = 0;
		};
		F255790FAA5F26A421AA602E /* [CP] Check Pods Manifest.lock */ = {
			isa = PBXShellScriptBuildPhase;
			buildActionMask = 2147483647;
			files = (
			);
			inputFileListPaths = (
			);
			inputPaths = (
				"${PODS_PODFILE_DIR_PATH}/Podfile.lock",
				"${PODS_ROOT}/Manifest.lock",
			);
			name = "[CP] Check Pods Manifest.lock";
			outputFileListPaths = (
			);
			outputPaths = (
				"$(DERIVED_FILE_DIR)/Pods-RevoBalance-checkManifestLockResult.txt",
			);
			runOnlyForDeploymentPostprocessing = 0;
			shellPath = /bin/sh;
			shellScript = "diff \"${PODS_PODFILE_DIR_PATH}/Podfile.lock\" \"${PODS_ROOT}/Manifest.lock\" > /dev/null\nif [ $? != 0 ] ; then\n    # print error to STDERR\n    echo \"error: The sandbox is not in sync with the Podfile.lock. Run 'pod install' or update your CocoaPods installation.\" >&2\n    exit 1\nfi\n# This output is used by Xcode 'outputs' to avoid re-running this script phase.\necho \"SUCCESS\" > \"${SCRIPT_OUTPUT_FILE_0}\"\n";
			showEnvVarsInLog = 0;
		};
/* End PBXShellScriptBuildPhase section */

/* Begin PBXSourcesBuildPhase section */
		EA1A6E57297E8245002D8C67 /* Sources */ = {
			isa = PBXSourcesBuildPhase;
			buildActionMask = 2147483647;
			files = (
				EA1A6E63297E8245002D8C67 /* ViewController.swift in Sources */,
				EA1A6E5F297E8245002D8C67 /* AppDelegate.swift in Sources */,
				EA1A6E74297E8254002D8C67 /* Balance.swift in Sources */,
				EA1A6E61297E8245002D8C67 /* SceneDelegate.swift in Sources */,
			);
			runOnlyForDeploymentPostprocessing = 0;
		};
/* End PBXSourcesBuildPhase section */

/* Begin PBXVariantGroup section */
		EA1A6E64297E8245002D8C67 /* Main.storyboard */ = {
			isa = PBXVariantGroup;
			children = (
				EA1A6E65297E8245002D8C67 /* Base */,
			);
			name = Main.storyboard;
			sourceTree = "<group>";
		};
		EA1A6E69297E8247002D8C67 /* LaunchScreen.storyboard */ = {
			isa = PBXVariantGroup;
			children = (
				EA1A6E6A297E8247002D8C67 /* Base */,
			);
			name = LaunchScreen.storyboard;
			sourceTree = "<group>";
		};
/* End PBXVariantGroup section */

/* Begin XCBuildConfiguration section */
		EA1A6E6D297E8247002D8C67 /* Debug */ = {
			isa = XCBuildConfiguration;
			buildSettings = {
				ALWAYS_SEARCH_USER_PATHS = NO;
				CLANG_ANALYZER_NONNULL = YES;
				CLANG_ANALYZER_NUMBER_OBJECT_CONVERSION = YES_AGGRESSIVE;
				CLANG_CXX_LANGUAGE_STANDARD = "gnu++20";
				CLANG_ENABLE_MODULES = YES;
				CLANG_ENABLE_OBJC_ARC = YES;
				CLANG_ENABLE_OBJC_WEAK = YES;
				CLANG_WARN_BLOCK_CAPTURE_AUTORELEASING = YES;
				CLANG_WARN_BOOL_CONVERSION = YES;
				CLANG_WARN_COMMA = YES;
				CLANG_WARN_CONSTANT_CONVERSION = YES;
				CLANG_WARN_DEPRECATED_OBJC_IMPLEMENTATIONS = YES;
				CLANG_WARN_DIRECT_OBJC_ISA_USAGE = YES_ERROR;
				CLANG_WARN_DOCUMENTATION_COMMENTS = YES;
				CLANG_WARN_EMPTY_BODY = YES;
				CLANG_WARN_ENUM_CONVERSION = YES;
				CLANG_WARN_INFINITE_RECURSION = YES;
				CLANG_WARN_INT_CONVERSION = YES;
				CLANG_WARN_NON_LITERAL_NULL_CONVERSION = YES;
				CLANG_WARN_OBJC_IMPLICIT_RETAIN_SELF = YES;
				CLANG_WARN_OBJC_LITERAL_CONVERSION = YES;
				CLANG_WARN_OBJC_ROOT_CLASS = YES_ERROR;
				CLANG_WARN_QUOTED_INCLUDE_IN_FRAMEWORK_HEADER = YES;
				CLANG_WARN_RANGE_LOOP_ANALYSIS = YES;
				CLANG_WARN_STRICT_PROTOTYPES = YES;
				CLANG_WARN_SUSPICIOUS_MOVE = YES;
				CLANG_WARN_UNGUARDED_AVAILABILITY = YES_AGGRESSIVE;
				CLANG_WARN_UNREACHABLE_CODE = YES;
				CLANG_WARN__DUPLICATE_METHOD_MATCH = YES;
				COPY_PHASE_STRIP = NO;
				DEBUG_INFORMATION_FORMAT = dwarf;
				ENABLE_STRICT_OBJC_MSGSEND = YES;
				ENABLE_TESTABILITY = YES;
				GCC_C_LANGUAGE_STANDARD = gnu11;
				GCC_DYNAMIC_NO_PIC = NO;
				GCC_NO_COMMON_BLOCKS = YES;
				GCC_OPTIMIZATION_LEVEL = 0;
				GCC_PREPROCESSOR_DEFINITIONS = (
					"DEBUG=1",
					"$(inherited)",
				);
				GCC_WARN_64_TO_32_BIT_CONVERSION = YES;
				GCC_WARN_ABOUT_RETURN_TYPE = YES_ERROR;
				GCC_WARN_UNDECLARED_SELECTOR = YES;
				GCC_WARN_UNINITIALIZED_AUTOS = YES_AGGRESSIVE;
				GCC_WARN_UNUSED_FUNCTION = YES;
				GCC_WARN_UNUSED_VARIABLE = YES;
				IPHONEOS_DEPLOYMENT_TARGET = 16.2;
				MTL_ENABLE_DEBUG_INFO = INCLUDE_SOURCE;
				MTL_FAST_MATH = YES;
				ONLY_ACTIVE_ARCH = YES;
				SDKROOT = iphoneos;
				SWIFT_ACTIVE_COMPILATION_CONDITIONS = DEBUG;
				SWIFT_OPTIMIZATION_LEVEL = "-Onone";
			};
			name = Debug;
		};
		EA1A6E6E297E8247002D8C67 /* Release */ = {
			isa = XCBuildConfiguration;
			buildSettings = {
				ALWAYS_SEARCH_USER_PATHS = NO;
				CLANG_ANALYZER_NONNULL = YES;
				CLANG_ANALYZER_NUMBER_OBJECT_CONVERSION = YES_AGGRESSIVE;
				CLANG_CXX_LANGUAGE_STANDARD = "gnu++20";
				CLANG_ENABLE_MODULES = YES;
				CLANG_ENABLE_OBJC_ARC = YES;
				CLANG_ENABLE_OBJC_WEAK = YES;
				CLANG_WARN_BLOCK_CAPTURE_AUTORELEASING = YES;
				CLANG_WARN_BOOL_CONVERSION = YES;
				CLANG_WARN_COMMA = YES;
				CLANG_WARN_CONSTANT_CONVERSION = YES;
				CLANG_WARN_DEPRECATED_OBJC_IMPLEMENTATIONS = YES;
				CLANG_WARN_DIRECT_OBJC_ISA_USAGE = YES_ERROR;
				CLANG_WARN_DOCUMENTATION_COMMENTS = YES;
				CLANG_WARN_EMPTY_BODY = YES;
				CLANG_WARN_ENUM_CONVERSION = YES;
				CLANG_WARN_INFINITE_RECURSION = YES;
				CLANG_WARN_INT_CONVERSION = YES;
				CLANG_WARN_NON_LITERAL_NULL_CONVERSION = YES;
				CLANG_WARN_OBJC_IMPLICIT_RETAIN_SELF = YES;
				CLANG_WARN_OBJC_LITERAL_CONVERSION = YES;
				CLANG_WARN_OBJC_ROOT_CLASS = YES_ERROR;
				CLANG_WARN_QUOTED_INCLUDE_IN_FRAMEWORK_HEADER = YES;
				CLANG_WARN_RANGE_LOOP_ANALYSIS = YES;
				CLANG_WARN_STRICT_PROTOTYPES = YES;
				CLANG_WARN_SUSPICIOUS_MOVE = YES;
				CLANG_WARN_UNGUARDED_AVAILABILITY = YES_AGGRESSIVE;
				CLANG_WARN_UNREACHABLE_CODE = YES;
				CLANG_WARN__DUPLICATE_METHOD_MATCH = YES;
				COPY_PHASE_STRIP = NO;
				DEBUG_INFORMATION_FORMAT = "dwarf-with-dsym";
				ENABLE_NS_ASSERTIONS = NO;
				ENABLE_STRICT_OBJC_MSGSEND = YES;
				GCC_C_LANGUAGE_STANDARD = gnu11;
				GCC_NO_COMMON_BLOCKS = YES;
				GCC_WARN_64_TO_32_BIT_CONVERSION = YES;
				GCC_WARN_ABOUT_RETURN_TYPE = YES_ERROR;
				GCC_WARN_UNDECLARED_SELECTOR = YES;
				GCC_WARN_UNINITIALIZED_AUTOS = YES_AGGRESSIVE;
				GCC_WARN_UNUSED_FUNCTION = YES;
				GCC_WARN_UNUSED_VARIABLE = YES;
				IPHONEOS_DEPLOYMENT_TARGET = 16.2;
				MTL_ENABLE_DEBUG_INFO = NO;
				MTL_FAST_MATH = YES;
				SDKROOT = iphoneos;
				SWIFT_COMPILATION_MODE = wholemodule;
				SWIFT_OPTIMIZATION_LEVEL = "-O";
				VALIDATE_PRODUCT = YES;
			};
			name = Release;
		};
		EA1A6E70297E8247002D8C67 /* Debug */ = {
			isa = XCBuildConfiguration;
			baseConfigurationReference = 2C1103FC520B73EAD22D6966 /* Pods-RevoBalance.debug.xcconfig */;
			buildSettings = {
				ASSETCATALOG_COMPILER_APPICON_NAME = AppIcon;
				ASSETCATALOG_COMPILER_GLOBAL_ACCENT_COLOR_NAME = AccentColor;
				CODE_SIGN_STYLE = Automatic;
				CURRENT_PROJECT_VERSION = 1;
				DEVELOPMENT_TEAM = F2VSE3YKKD;
				GENERATE_INFOPLIST_FILE = YES;
				INFOPLIST_FILE = RevoBalance/Info.plist;
				INFOPLIST_KEY_UIApplicationSupportsIndirectInputEvents = YES;
				INFOPLIST_KEY_UILaunchStoryboardName = LaunchScreen;
				INFOPLIST_KEY_UIMainStoryboardFile = Main;
				INFOPLIST_KEY_UISupportedInterfaceOrientations_iPad = "UIInterfaceOrientationPortrait UIInterfaceOrientationPortraitUpsideDown UIInterfaceOrientationLandscapeLeft UIInterfaceOrientationLandscapeRight";
				INFOPLIST_KEY_UISupportedInterfaceOrientations_iPhone = "UIInterfaceOrientationPortrait UIInterfaceOrientationLandscapeLeft UIInterfaceOrientationLandscapeRight";
				LD_RUNPATH_SEARCH_PATHS = (
					"$(inherited)",
					"@executable_path/Frameworks",
				);
				MARKETING_VERSION = 1.0;
				PRODUCT_BUNDLE_IDENTIFIER = io.codepassion.RevoBalance;
				PRODUCT_NAME = "$(TARGET_NAME)";
				SWIFT_EMIT_LOC_STRINGS = YES;
				SWIFT_VERSION = 5.0;
				TARGETED_DEVICE_FAMILY = "1,2";
			};
			name = Debug;
		};
		EA1A6E71297E8247002D8C67 /* Release */ = {
			isa = XCBuildConfiguration;
			baseConfigurationReference = CEC39FD5938693F27E7DD20D /* Pods-RevoBalance.release.xcconfig */;
			buildSettings = {
				ASSETCATALOG_COMPILER_APPICON_NAME = AppIcon;
				ASSETCATALOG_COMPILER_GLOBAL_ACCENT_COLOR_NAME = AccentColor;
				CODE_SIGN_STYLE = Automatic;
				CURRENT_PROJECT_VERSION = 1;
				DEVELOPMENT_TEAM = F2VSE3YKKD;
				GENERATE_INFOPLIST_FILE = YES;
				INFOPLIST_FILE = RevoBalance/Info.plist;
				INFOPLIST_KEY_UIApplicationSupportsIndirectInputEvents = YES;
				INFOPLIST_KEY_UILaunchStoryboardName = LaunchScreen;
				INFOPLIST_KEY_UIMainStoryboardFile = Main;
				INFOPLIST_KEY_UISupportedInterfaceOrientations_iPad = "UIInterfaceOrientationPortrait UIInterfaceOrientationPortraitUpsideDown UIInterfaceOrientationLandscapeLeft UIInterfaceOrientationLandscapeRight";
				INFOPLIST_KEY_UISupportedInterfaceOrientations_iPhone = "UIInterfaceOrientationPortrait UIInterfaceOrientationLandscapeLeft UIInterfaceOrientationLandscapeRight";
				LD_RUNPATH_SEARCH_PATHS = (
					"$(inherited)",
					"@executable_path/Frameworks",
				);
				MARKETING_VERSION = 1.0;
				PRODUCT_BUNDLE_IDENTIFIER = io.codepassion.RevoBalance;
				PRODUCT_NAME = "$(TARGET_NAME)";
				SWIFT_EMIT_LOC_STRINGS = YES;
				SWIFT_VERSION = 5.0;
				TARGETED_DEVICE_FAMILY = "1,2";
			};
			name = Release;
		};
/* End XCBuildConfiguration section */

/* Begin XCConfigurationList section */
		EA1A6E56297E8245002D8C67 /* Build configuration list for PBXProject "RevoBalance" */ = {
			isa = XCConfigurationList;
			buildConfigurations = (
				EA1A6E6D297E8247002D8C67 /* Debug */,
				EA1A6E6E297E8247002D8C67 /* Release */,
			);
			defaultConfigurationIsVisible = 0;
			defaultConfigurationName = Release;
		};
		EA1A6E6F297E8247002D8C67 /* Build configuration list for PBXNativeTarget "RevoBalance" */ = {
			isa = XCConfigurationList;
			buildConfigurations = (
				EA1A6E70297E8247002D8C67 /* Debug */,
				EA1A6E71297E8247002D8C67 /* Release */,
			);
			defaultConfigurationIsVisible = 0;
			defaultConfigurationName = Release;
		};
/* End XCConfigurationList section */
	};
	rootObject = EA1A6E53297E8245002D8C67 /* Project object */;
}
